
Microsoft Visual Studio Solution File, Format Version 12.00
# Visual Studio Version 17
VisualStudioVersion = 17.12.35209.166
MinimumVisualStudioVersion = 10.0.40219.1
Project("{8BC9CEB8-8B4A-11D0-8D11-00A0C91BC942}") = "AVLTrees", "Trees\Trees.vcxproj", "{96224CD5-EEF1-4689-8503-1071E0F9F2BF}"
EndProject
Project("{8BC9CEB8-8B4A-11D0-8D11-00A0C91BC942}") = "redBlackTree", "redBlackTree\redBlackTree.vcxproj", "{C2D65D6E-3925-4163-AAC3-74117BE6CECF}"
EndProject
Global
	GlobalSection(SolutionConfigurationPlatforms) = preSolution
		Debug|x64 = Debug|x64
		Debug|x86 = Debug|x86
		Release|x64 = Release|x64
		Release|x86 = Release|x86
	EndGlobalSection
	GlobalSection(ProjectConfigurationPlatforms) = postSolution
		{96224CD5-EEF1-4689-8503-1071E0F9F2BF}.Debug|x64.ActiveCfg = Debug|x64
		{96224CD5-EEF1-4689-8503-1071E0F9F2BF}.Debug|x64.Build.0 = Debug|x64
		{96224CD5-EEF1-4689-8503-1071E0F9F2BF}.Debug|x86.ActiveCfg = Debug|Win32
		{96224CD5-EEF1-4689-8503-1071E0F9F2BF}.Debug|x86.Build.0 = Debug|Win32
		{96224CD5-EEF1-4689-8503-1071E0F9F2BF}.Release|x64.ActiveCfg = Release|x64
		{96224CD5-EEF1-4689-8503-1071E0F9F2BF}.Release|x64.Build.0 = Release|x64
		{96224CD5-EEF1-4689-8503-1071E0F9F2BF}.Release|x86.ActiveCfg = Release|Win32
		{96224CD5-EEF1-4689-8503-1071E0F9F2BF}.Release|x86.Build.0 = Release|Win32
		{C2D65D6E-3925-4163-AAC3-74117BE6CECF}.Debug|x64.ActiveCfg = Debug|x64
		{C2D65D6E-3925-4163-AAC3-74117BE6CECF}.Debug|x64.Build.0 = Debug|x64
		{C2D65D6E-3925-4163-AAC3-74117BE6CECF}.Debug|x86.ActiveCfg = Debug|Win32
		{C2D65D6E-3925-4163-AAC3-74117BE6CECF}.Debug|x86.Build.0 = Debug|Win32
		{C2D65D6E-3925-4163-AAC3-74117BE6CECF}.Release|x64.ActiveCfg = Release|x64
		{C2D65D6E-3925-4163-AAC3-74117BE6CECF}.Release|x64.Build.0 = Release|x64
		{C2D65D6E-3925-4163-AAC3-74117BE6CECF}.Release|x86.ActiveCfg = Release|Win32
		{C2D65D6E-3925-4163-AAC3-74117BE6CECF}.Release|x86.Build.0 = Release|Win32
	EndGlobalSection
	GlobalSection(SolutionProperties) = preSolution
		HideSolutionNode = FALSE
	EndGlobalSection
	GlobalSection(ExtensibilityGlobals) = postSolution
		SolutionGuid = {AB25FCF4-9B3F-445F-8F4B-6679CC07FF45}
	EndGlobalSection
EndGlobal
