
Microsoft Visual Studio Solution File, Format Version 12.00
# Visual Studio Version 17
VisualStudioVersion = 17.9.34723.18
MinimumVisualStudioVersion = 10.0.40219.1
Project("{8BC9CEB8-8B4A-11D0-8D11-00A0C91BC942}") = "Heaps & BST problems", "Heaps & BST problems.vcxproj", "{B1941462-A102-462F-A589-3862F75B36AF}"
EndProject
Global
	GlobalSection(SolutionConfigurationPlatforms) = preSolution
		Debug|x64 = Debug|x64
		Debug|x86 = Debug|x86
		Release|x64 = Release|x64
		Release|x86 = Release|x86
	EndGlobalSection
	GlobalSection(ProjectConfigurationPlatforms) = postSolution
		{B1941462-A102-462F-A589-3862F75B36AF}.Debug|x64.ActiveCfg = Debug|x64
		{B1941462-A102-462F-A589-3862F75B36AF}.Debug|x64.Build.0 = Debug|x64
		{B1941462-A102-462F-A589-3862F75B36AF}.Debug|x86.ActiveCfg = Debug|Win32
		{B1941462-A102-462F-A589-3862F75B36AF}.Debug|x86.Build.0 = Debug|Win32
		{B1941462-A102-462F-A589-3862F75B36AF}.Release|x64.ActiveCfg = Release|x64
		{B1941462-A102-462F-A589-3862F75B36AF}.Release|x64.Build.0 = Release|x64
		{B1941462-A102-462F-A589-3862F75B36AF}.Release|x86.ActiveCfg = Release|Win32
		{B1941462-A102-462F-A589-3862F75B36AF}.Release|x86.Build.0 = Release|Win32
	EndGlobalSection
	GlobalSection(SolutionProperties) = preSolution
		HideSolutionNode = FALSE
	EndGlobalSection
	GlobalSection(ExtensibilityGlobals) = postSolution
		SolutionGuid = {0B26C708-EB44-454F-B951-7536F7CDB3AF}
	EndGlobalSection
EndGlobal
