
Microsoft Visual Studio Solution File, Format Version 12.00
# Visual Studio Version 17
VisualStudioVersion = 17.11.34909.67
MinimumVisualStudioVersion = 10.0.40219.1
Project("{8BC9CEB8-8B4A-11D0-8D11-00A0C91BC942}") = "Maximum Subarray", "Maximum Subarray\Maximum Subarray.vcxproj", "{2CC7476E-ED77-48F9-8E57-5A798DA08A8D}"
EndProject
Global
	GlobalSection(SolutionConfigurationPlatforms) = preSolution
		Debug|x64 = Debug|x64
		Debug|x86 = Debug|x86
		Release|x64 = Release|x64
		Release|x86 = Release|x86
	EndGlobalSection
	GlobalSection(ProjectConfigurationPlatforms) = postSolution
		{2CC7476E-ED77-48F9-8E57-5A798DA08A8D}.Debug|x64.ActiveCfg = Debug|x64
		{2CC7476E-ED77-48F9-8E57-5A798DA08A8D}.Debug|x64.Build.0 = Debug|x64
		{2CC7476E-ED77-48F9-8E57-5A798DA08A8D}.Debug|x86.ActiveCfg = Debug|Win32
		{2CC7476E-ED77-48F9-8E57-5A798DA08A8D}.Debug|x86.Build.0 = Debug|Win32
		{2CC7476E-ED77-48F9-8E57-5A798DA08A8D}.Release|x64.ActiveCfg = Release|x64
		{2CC7476E-ED77-48F9-8E57-5A798DA08A8D}.Release|x64.Build.0 = Release|x64
		{2CC7476E-ED77-48F9-8E57-5A798DA08A8D}.Release|x86.ActiveCfg = Release|Win32
		{2CC7476E-ED77-48F9-8E57-5A798DA08A8D}.Release|x86.Build.0 = Release|Win32
	EndGlobalSection
	GlobalSection(SolutionProperties) = preSolution
		HideSolutionNode = FALSE
	EndGlobalSection
	GlobalSection(ExtensibilityGlobals) = postSolution
		SolutionGuid = {62CCEC41-328D-4255-8E7E-828862DC14C7}
	EndGlobalSection
EndGlobal
